// !$*UTF8*$!
{
	archiveVersion = 1;
	classes = {
	};
	objectVersion = 55;
	objects = {

/* Begin PBXBuildFile section */
		BD4CFF46279D548000D23D7E /* OpenAndSaveImageTestApp.swift in Sources */ = {isa = PBXBuildFile; fileRef = BD4CFF45279D548000D23D7E /* OpenAndSaveImageTestApp.swift */; };
		BD4CFF4A279D548100D23D7E /* Assets.xcassets in Resources */ = {isa = PBXBuildFile; fileRef = BD4CFF49279D548100D23D7E /* Assets.xcassets */; };
		BD4CFF4D279D548100D23D7E /* Preview Assets.xcassets in Resources */ = {isa = PBXBuildFile; fileRef = BD4CFF4C279D548100D23D7E /* Preview Assets.xcassets */; };
		BD4CFF56279D549E00D23D7E /* ViewExtension.swift in Sources */ = {isa = PBXBuildFile; fileRef = BD4CFF54279D549E00D23D7E /* ViewExtension.swift */; };
		BD4CFF57279D549E00D23D7E /* ConvertImageToPNG.swift in Sources */ = {isa = PBXBuildFile; fileRef = BD4CFF55279D549E00D23D7E /* ConvertImageToPNG.swift */; };
		BD4CFF59279D54AE00D23D7E /* CoverImageVIew.swift in Sources */ = {isa = PBXBuildFile; fileRef = BD4CFF58279D54AE00D23D7E /* CoverImageVIew.swift */; };
		BD4CFF5B279D54B500D23D7E /* ImageData.swift in Sources */ = {isa = PBXBuildFile; fileRef = BD4CFF5A279D54B500D23D7E /* ImageData.swift */; };
		BD4CFF5D279D54BC00D23D7E /* PhotoTestView.swift in Sources */ = {isa = PBXBuildFile; fileRef = BD4CFF5C279D54BC00D23D7E /* PhotoTestView.swift */; };
/* End PBXBuildFile section */

/* Begin PBXFileReference section */
		BD4CFF42279D548000D23D7E /* OpenAndSaveImageTest.app */ = {isa = PBXFileReference; explicitFileType = wrapper.application; includeInIndex = 0; path = OpenAndSaveImageTest.app; sourceTree = BUILT_PRODUCTS_DIR; };
		BD4CFF45279D548000D23D7E /* OpenAndSaveImageTestApp.swift */ = {isa = PBXFileReference; lastKnownFileType = sourcecode.swift; path = OpenAndSaveImageTestApp.swift; sourceTree = "<group>"; };
		BD4CFF49279D548100D23D7E /* Assets.xcassets */ = {isa = PBXFileReference; lastKnownFileType = folder.assetcatalog; path = Assets.xcassets; sourceTree = "<group>"; };
		BD4CFF4C279D548100D23D7E /* Preview Assets.xcassets */ = {isa = PBXFileReference; lastKnownFileType = folder.assetcatalog; path = "Preview Assets.xcassets"; sourceTree = "<group>"; };
		BD4CFF4E279D548100D23D7E /* OpenAndSaveImageTest.entitlements */ = {isa = PBXFileReference; lastKnownFileType = text.plist.entitlements; path = OpenAndSaveImageTest.entitlements; sourceTree = "<group>"; };
		BD4CFF54279D549E00D23D7E /* ViewExtension.swift */ = {isa = PBXFileReference; fileEncoding = 4; lastKnownFileType = sourcecode.swift; path = ViewExtension.swift; sourceTree = "<group>"; };
		BD4CFF55279D549E00D23D7E /* ConvertImageToPNG.swift */ = {isa = PBXFileReference; fileEncoding = 4; lastKnownFileType = sourcecode.swift; path = ConvertImageToPNG.swift; sourceTree = "<group>"; };
		BD4CFF58279D54AE00D23D7E /* CoverImageVIew.swift */ = {isa = PBXFileReference; fileEncoding = 4; lastKnownFileType = sourcecode.swift; path = CoverImageVIew.swift; sourceTree = "<group>"; };
		BD4CFF5A279D54B500D23D7E /* ImageData.swift */ = {isa = PBXFileReference; fileEncoding = 4; lastKnownFileType = sourcecode.swift; path = ImageData.swift; sourceTree = "<group>"; };
		BD4CFF5C279D54BC00D23D7E /* PhotoTestView.swift */ = {isa = PBXFileReference; fileEncoding = 4; lastKnownFileType = sourcecode.swift; path = PhotoTestView.swift; sourceTree = "<group>"; };
/* End PBXFileReference section */

/* Begin PBXFrameworksBuildPhase section */
		BD4CFF3F279D548000D23D7E /* Frameworks */ = {
			isa = PBXFrameworksBuildPhase;
			buildActionMask = 2147483647;
			files = (
			);
			runOnlyForDeploymentPostprocessing = 0;
		};
/* End PBXFrameworksBuildPhase section */

/* Begin PBXGroup section */
		BD4CFF39279D548000D23D7E = {
			isa = PBXGroup;
			children = (
				BD4CFF44279D548000D23D7E /* OpenAndSaveImageTest */,
				BD4CFF43279D548000D23D7E /* Products */,
			);
			sourceTree = "<group>";
		};
		BD4CFF43279D548000D23D7E /* Products */ = {
			isa = PBXGroup;
			children = (
				BD4CFF42279D548000D23D7E /* OpenAndSaveImageTest.app */,
			);
			name = Products;
			sourceTree = "<group>";
		};
		BD4CFF44279D548000D23D7E /* OpenAndSaveImageTest */ = {
			isa = PBXGroup;
			children = (
				BD4CFF45279D548000D23D7E /* OpenAndSaveImageTestApp.swift */,
				BD4CFF55279D549E00D23D7E /* ConvertImageToPNG.swift */,
				BD4CFF5A279D54B500D23D7E /* ImageData.swift */,
				BD4CFF58279D54AE00D23D7E /* CoverImageVIew.swift */,
				BD4CFF5C279D54BC00D23D7E /* PhotoTestView.swift */,
				BD4CFF54279D549E00D23D7E /* ViewExtension.swift */,
				BD4CFF49279D548100D23D7E /* Assets.xcassets */,
				BD4CFF4E279D548100D23D7E /* OpenAndSaveImageTest.entitlements */,
				BD4CFF4B279D548100D23D7E /* Preview Content */,
			);
			path = OpenAndSaveImageTest;
			sourceTree = "<group>";
		};
		BD4CFF4B279D548100D23D7E /* Preview Content */ = {
			isa = PBXGroup;
			children = (
				BD4CFF4C279D548100D23D7E /* Preview Assets.xcassets */,
			);
			path = "Preview Content";
			sourceTree = "<group>";
		};
/* End PBXGroup section */

/* Begin PBXNativeTarget section */
		BD4CFF41279D548000D23D7E /* OpenAndSaveImageTest */ = {
			isa = PBXNativeTarget;
			buildConfigurationList = BD4CFF51279D548100D23D7E /* Build configuration list for PBXNativeTarget "OpenAndSaveImageTest" */;
			buildPhases = (
				BD4CFF3E279D548000D23D7E /* Sources */,
				BD4CFF3F279D548000D23D7E /* Frameworks */,
				BD4CFF40279D548000D23D7E /* Resources */,
			);
			buildRules = (
			);
			dependencies = (
			);
			name = OpenAndSaveImageTest;
			productName = OpenAndSaveImageTest;
			productReference = BD4CFF42279D548000D23D7E /* OpenAndSaveImageTest.app */;
			productType = "com.apple.product-type.application";
		};
/* End PBXNativeTarget section */

/* Begin PBXProject section */
		BD4CFF3A279D548000D23D7E /* Project object */ = {
			isa = PBXProject;
			attributes = {
				BuildIndependentTargetsInParallel = 1;
				LastSwiftUpdateCheck = 1320;
				LastUpgradeCheck = 1320;
				TargetAttributes = {
					BD4CFF41279D548000D23D7E = {
						CreatedOnToolsVersion = 13.2.1;
					};
				};
			};
			buildConfigurationList = BD4CFF3D279D548000D23D7E /* Build configuration list for PBXProject "OpenAndSaveImageTest" */;
			compatibilityVersion = "Xcode 13.0";
			developmentRegion = en;
			hasScannedForEncodings = 0;
			knownRegions = (
				en,
				Base,
			);
			mainGroup = BD4CFF39279D548000D23D7E;
			productRefGroup = BD4CFF43279D548000D23D7E /* Products */;
			projectDirPath = "";
			projectRoot = "";
			targets = (
				BD4CFF41279D548000D23D7E /* OpenAndSaveImageTest */,
			);
		};
/* End PBXProject section */

/* Begin PBXResourcesBuildPhase section */
		BD4CFF40279D548000D23D7E /* Resources */ = {
			isa = PBXResourcesBuildPhase;
			buildActionMask = 2147483647;
			files = (
				BD4CFF4D279D548100D23D7E /* Preview Assets.xcassets in Resources */,
				BD4CFF4A279D548100D23D7E /* Assets.xcassets in Resources */,
			);
			runOnlyForDeploymentPostprocessing = 0;
		};
/* End PBXResourcesBuildPhase section */

/* Begin PBXSourcesBuildPhase section */
		BD4CFF3E279D548000D23D7E /* Sources */ = {
			isa = PBXSourcesBuildPhase;
			buildActionMask = 2147483647;
			files = (
				BD4CFF59279D54AE00D23D7E /* CoverImageVIew.swift in Sources */,
				BD4CFF5D279D54BC00D23D7E /* PhotoTestView.swift in Sources */,
				BD4CFF56279D549E00D23D7E /* ViewExtension.swift in Sources */,
				BD4CFF57279D549E00D23D7E /* ConvertImageToPNG.swift in Sources */,
				BD4CFF46279D548000D23D7E /* OpenAndSaveImageTestApp.swift in Sources */,
				BD4CFF5B279D54B500D23D7E /* ImageData.swift in Sources */,
			);
			runOnlyForDeploymentPostprocessing = 0;
		};
/* End PBXSourcesBuildPhase section */

/* Begin XCBuildConfiguration section */
		BD4CFF4F279D548100D23D7E /* Debug */ = {
			isa = XCBuildConfiguration;
			buildSettings = {
				ALWAYS_SEARCH_USER_PATHS = NO;
				CLANG_ANALYZER_NONNULL = YES;
				CLANG_ANALYZER_NUMBER_OBJECT_CONVERSION = YES_AGGRESSIVE;
				CLANG_CXX_LANGUAGE_STANDARD = "gnu++17";
				CLANG_CXX_LIBRARY = "libc++";
				CLANG_ENABLE_MODULES = YES;
				CLANG_ENABLE_OBJC_ARC = YES;
				CLANG_ENABLE_OBJC_WEAK = YES;
				CLANG_WARN_BLOCK_CAPTURE_AUTORELEASING = YES;
				CLANG_WARN_BOOL_CONVERSION = YES;
				CLANG_WARN_COMMA = YES;
				CLANG_WARN_CONSTANT_CONVERSION = YES;
				CLANG_WARN_DEPRECATED_OBJC_IMPLEMENTATIONS = YES;
				CLANG_WARN_DIRECT_OBJC_ISA_USAGE = YES_ERROR;
				CLANG_WARN_DOCUMENTATION_COMMENTS = YES;
				CLANG_WARN_EMPTY_BODY = YES;
				CLANG_WARN_ENUM_CONVERSION = YES;
				CLANG_WARN_INFINITE_RECURSION = YES;
				CLANG_WARN_INT_CONVERSION = YES;
				CLANG_WARN_NON_LITERAL_NULL_CONVERSION = YES;
				CLANG_WARN_OBJC_IMPLICIT_RETAIN_SELF = YES;
				CLANG_WARN_OBJC_LITERAL_CONVERSION = YES;
				CLANG_WARN_OBJC_ROOT_CLASS = YES_ERROR;
				CLANG_WARN_QUOTED_INCLUDE_IN_FRAMEWORK_HEADER = YES;
				CLANG_WARN_RANGE_LOOP_ANALYSIS = YES;
				CLANG_WARN_STRICT_PROTOTYPES = YES;
				CLANG_WARN_SUSPICIOUS_MOVE = YES;
				CLANG_WARN_UNGUARDED_AVAILABILITY = YES_AGGRESSIVE;
				CLANG_WARN_UNREACHABLE_CODE = YES;
				CLANG_WARN__DUPLICATE_METHOD_MATCH = YES;
				COPY_PHASE_STRIP = NO;
				DEBUG_INFORMATION_FORMAT = dwarf;
				ENABLE_STRICT_OBJC_MSGSEND = YES;
				ENABLE_TESTABILITY = YES;
				GCC_C_LANGUAGE_STANDARD = gnu11;
				GCC_DYNAMIC_NO_PIC = NO;
				GCC_NO_COMMON_BLOCKS = YES;
				GCC_OPTIMIZATION_LEVEL = 0;
				GCC_PREPROCESSOR_DEFINITIONS = (
					"DEBUG=1",
					"$(inherited)",
				);
				GCC_WARN_64_TO_32_BIT_CONVERSION = YES;
				GCC_WARN_ABOUT_RETURN_TYPE = YES_ERROR;
				GCC_WARN_UNDECLARED_SELECTOR = YES;
				GCC_WARN_UNINITIALIZED_AUTOS = YES_AGGRESSIVE;
				GCC_WARN_UNUSED_FUNCTION = YES;
				GCC_WARN_UNUSED_VARIABLE = YES;
				MACOSX_DEPLOYMENT_TARGET = 12.1;
				MTL_ENABLE_DEBUG_INFO = INCLUDE_SOURCE;
				MTL_FAST_MATH = YES;
				ONLY_ACTIVE_ARCH = YES;
				SDKROOT = macosx;
				SWIFT_ACTIVE_COMPILATION_CONDITIONS = DEBUG;
				SWIFT_OPTIMIZATION_LEVEL = "-Onone";
			};
			name = Debug;
		};
		BD4CFF50279D548100D23D7E /* Release */ = {
			isa = XCBuildConfiguration;
			buildSettings = {
				ALWAYS_SEARCH_USER_PATHS = NO;
				CLANG_ANALYZER_NONNULL = YES;
				CLANG_ANALYZER_NUMBER_OBJECT_CONVERSION = YES_AGGRESSIVE;
				CLANG_CXX_LANGUAGE_STANDARD = "gnu++17";
				CLANG_CXX_LIBRARY = "libc++";
				CLANG_ENABLE_MODULES = YES;
				CLANG_ENABLE_OBJC_ARC = YES;
				CLANG_ENABLE_OBJC_WEAK = YES;
				CLANG_WARN_BLOCK_CAPTURE_AUTORELEASING = YES;
				CLANG_WARN_BOOL_CONVERSION = YES;
				CLANG_WARN_COMMA = YES;
				CLANG_WARN_CONSTANT_CONVERSION = YES;
				CLANG_WARN_DEPRECATED_OBJC_IMPLEMENTATIONS = YES;
				CLANG_WARN_DIRECT_OBJC_ISA_USAGE = YES_ERROR;
				CLANG_WARN_DOCUMENTATION_COMMENTS = YES;
				CLANG_WARN_EMPTY_BODY = YES;
				CLANG_WARN_ENUM_CONVERSION = YES;
				CLANG_WARN_INFINITE_RECURSION = YES;
				CLANG_WARN_INT_CONVERSION = YES;
				CLANG_WARN_NON_LITERAL_NULL_CONVERSION = YES;
				CLANG_WARN_OBJC_IMPLICIT_RETAIN_SELF = YES;
				CLANG_WARN_OBJC_LITERAL_CONVERSION = YES;
				CLANG_WARN_OBJC_ROOT_CLASS = YES_ERROR;
				CLANG_WARN_QUOTED_INCLUDE_IN_FRAMEWORK_HEADER = YES;
				CLANG_WARN_RANGE_LOOP_ANALYSIS = YES;
				CLANG_WARN_STRICT_PROTOTYPES = YES;
				CLANG_WARN_SUSPICIOUS_MOVE = YES;
				CLANG_WARN_UNGUARDED_AVAILABILITY = YES_AGGRESSIVE;
				CLANG_WARN_UNREACHABLE_CODE = YES;
				CLANG_WARN__DUPLICATE_METHOD_MATCH = YES;
				COPY_PHASE_STRIP = NO;
				DEBUG_INFORMATION_FORMAT = "dwarf-with-dsym";
				ENABLE_NS_ASSERTIONS = NO;
				ENABLE_STRICT_OBJC_MSGSEND = YES;
				GCC_C_LANGUAGE_STANDARD = gnu11;
				GCC_NO_COMMON_BLOCKS = YES;
				GCC_WARN_64_TO_32_BIT_CONVERSION = YES;
				GCC_WARN_ABOUT_RETURN_TYPE = YES_ERROR;
				GCC_WARN_UNDECLARED_SELECTOR = YES;
				GCC_WARN_UNINITIALIZED_AUTOS = YES_AGGRESSIVE;
				GCC_WARN_UNUSED_FUNCTION = YES;
				GCC_WARN_UNUSED_VARIABLE = YES;
				MACOSX_DEPLOYMENT_TARGET = 12.1;
				MTL_ENABLE_DEBUG_INFO = NO;
				MTL_FAST_MATH = YES;
				SDKROOT = macosx;
				SWIFT_COMPILATION_MODE = wholemodule;
				SWIFT_OPTIMIZATION_LEVEL = "-O";
			};
			name = Release;
		};
		BD4CFF52279D548100D23D7E /* Debug */ = {
			isa = XCBuildConfiguration;
			buildSettings = {
				ASSETCATALOG_COMPILER_APPICON_NAME = AppIcon;
				ASSETCATALOG_COMPILER_GLOBAL_ACCENT_COLOR_NAME = AccentColor;
				CODE_SIGN_ENTITLEMENTS = OpenAndSaveImageTest/OpenAndSaveImageTest.entitlements;
				CODE_SIGN_STYLE = Automatic;
				COMBINE_HIDPI_IMAGES = YES;
				CURRENT_PROJECT_VERSION = 1;
				DEVELOPMENT_ASSET_PATHS = "\"OpenAndSaveImageTest/Preview Content\"";
				ENABLE_PREVIEWS = YES;
				GENERATE_INFOPLIST_FILE = YES;
				INFOPLIST_KEY_NSHumanReadableCopyright = "";
				LD_RUNPATH_SEARCH_PATHS = (
					"$(inherited)",
					"@executable_path/../Frameworks",
				);
				MARKETING_VERSION = 1.0;
				PRODUCT_BUNDLE_IDENTIFIER = "com.noreply-email.OpenAndSaveImageTest";
				PRODUCT_NAME = "$(TARGET_NAME)";
				SWIFT_EMIT_LOC_STRINGS = YES;
				SWIFT_VERSION = 5.0;
			};
			name = Debug;
		};
		BD4CFF53279D548100D23D7E /* Release */ = {
			isa = XCBuildConfiguration;
			buildSettings = {
				ASSETCATALOG_COMPILER_APPICON_NAME = AppIcon;
				ASSETCATALOG_COMPILER_GLOBAL_ACCENT_COLOR_NAME = AccentColor;
				CODE_SIGN_ENTITLEMENTS = OpenAndSaveImageTest/OpenAndSaveImageTest.entitlements;
				CODE_SIGN_STYLE = Automatic;
				COMBINE_HIDPI_IMAGES = YES;
				CURRENT_PROJECT_VERSION = 1;
				DEVELOPMENT_ASSET_PATHS = "\"OpenAndSaveImageTest/Preview Content\"";
				ENABLE_PREVIEWS = YES;
				GENERATE_INFOPLIST_FILE = YES;
				INFOPLIST_KEY_NSHumanReadableCopyright = "";
				LD_RUNPATH_SEARCH_PATHS = (
					"$(inherited)",
					"@executable_path/../Frameworks",
				);
				MARKETING_VERSION = 1.0;
				PRODUCT_BUNDLE_IDENTIFIER = "com.noreply-email.OpenAndSaveImageTest";
				PRODUCT_NAME = "$(TARGET_NAME)";
				SWIFT_EMIT_LOC_STRINGS = YES;
				SWIFT_VERSION = 5.0;
			};
			name = Release;
		};
/* End XCBuildConfiguration section */

/* Begin XCConfigurationList section */
		BD4CFF3D279D548000D23D7E /* Build configuration list for PBXProject "OpenAndSaveImageTest" */ = {
			isa = XCConfigurationList;
			buildConfigurations = (
				BD4CFF4F279D548100D23D7E /* Debug */,
				BD4CFF50279D548100D23D7E /* Release */,
			);
			defaultConfigurationIsVisible = 0;
			defaultConfigurationName = Release;
		};
		BD4CFF51279D548100D23D7E /* Build configuration list for PBXNativeTarget "OpenAndSaveImageTest" */ = {
			isa = XCConfigurationList;
			buildConfigurations = (
				BD4CFF52279D548100D23D7E /* Debug */,
				BD4CFF53279D548100D23D7E /* Release */,
			);
			defaultConfigurationIsVisible = 0;
			defaultConfigurationName = Release;
		};
/* End XCConfigurationList section */
	};
	rootObject = BD4CFF3A279D548000D23D7E /* Project object */;
}
